{
  "version": 4,
  "terraform_version": "1.14.3",
  "serial": 10,
  "lineage": "87ed0343-1100-a8ce-1528-266b83a6781f",
  "outputs": {},
  "resources": [
    {
      "mode": "managed",
      "type": "local_file",
      "name": "my_pets",
      "provider": "provider[\"registry.terraform.io/hashicorp/local\"]",
      "instances": [
        {
          "schema_version": 0,
          "attributes": {
            "content": "i love tigers a lot befor this ",
            "content_base64": null,
            "content_base64sha256": "7vFbkpGzL9/MsbKMmQXRvqprw0sy0Q/mnZIiF1jxyVI=",
            "content_base64sha512": "72JkhGZ+CKFFyVF6uH1KOpR6jmaQQh9UMXk+/sOn5dwdQU7hrvl8ZTd4oy2zG2pNPGwkp7fKroH2hlD3vdZNIw==",
            "content_md5": "be309bf771e1f0e23e076e5f8516c385",
            "content_sha1": "890c8eb540a63a60405ecdeb75b76f6a0385df0e",
            "content_sha256": "eef15b9291b32fdfccb1b28c9905d1beaa6bc34b32d10fe69d92221758f1c952",
            "content_sha512": "ef626484667e08a145c9517ab87d4a3a947a8e6690421f5431793efec3a7e5dc1d414ee1aef97c653778a32db31b6a4d3c6c24a7b7caae81f68650f7bdd64d23",
            "directory_permission": "0777",
            "file_permission": "0777",
            "filename": "tigers.txt",
            "id": "890c8eb540a63a60405ecdeb75b76f6a0385df0e",
            "sensitive_content": null,
            "source": null
          },
          "sensitive_attributes": [
            [
              {
                "type": "get_attr",
                "value": "sensitive_content"
              }
            ]
          ],
          "identity_schema_version": 0
        }
      ]
    }
  ],
  "check_results": null
}
